
Microsoft Visual Studio Solution File, Format Version 12.00
# Visual Studio Version 17
VisualStudioVersion = 17.6.33815.320
MinimumVisualStudioVersion = 10.0.40219.1
Project("{888888A0-9F3D-457C-B088-3A5042F75D52}") = "productdb", "productdb.pyproj", "{1595AA14-B72B-417B-A537-BD9F3B82F5F7}"
EndProject
Global
	GlobalSection(SolutionConfigurationPlatforms) = preSolution
		Debug|Any CPU = Debug|Any CPU
		Release|Any CPU = Release|Any CPU
	EndGlobalSection
	GlobalSection(ProjectConfigurationPlatforms) = postSolution
		{1595AA14-B72B-417B-A537-BD9F3B82F5F7}.Debug|Any CPU.ActiveCfg = Debug|Any CPU
		{1595AA14-B72B-417B-A537-BD9F3B82F5F7}.Debug|Any CPU.Build.0 = Debug|Any CPU
		{1595AA14-B72B-417B-A537-BD9F3B82F5F7}.Release|Any CPU.ActiveCfg = Release|Any CPU
		{1595AA14-B72B-417B-A537-BD9F3B82F5F7}.Release|Any CPU.Build.0 = Release|Any CPU
	EndGlobalSection
	GlobalSection(SolutionProperties) = preSolution
		HideSolutionNode = FALSE
	EndGlobalSection
	GlobalSection(ExtensibilityGlobals) = postSolution
		SolutionGuid = {0F03F3B7-EDAF-4503-AC9A-7073B9A6E01A}
	EndGlobalSection
EndGlobal
